
Microsoft Visual Studio Solution File, Format Version 12.00
# Visual Studio Version 17
VisualStudioVersion = 17.5.002.0
MinimumVisualStudioVersion = 10.0.40219.1
Project("{2150E333-8FDC-42A3-9474-1A3956D46DE8}") = "Services", "Services", "{EE367390-002E-4C93-9E9A-C8C062B67728}"
EndProject
Project("{2150E333-8FDC-42A3-9474-1A3956D46DE8}") = "AuthServer", "AuthServer", "{05D35388-74AE-41E7-A423-54125BCB0013}"
EndProject
Project("{9A19103F-16F7-4668-BE54-9A1E7A4F7556}") = "InfoTech.Services.AuthServer.Api", "Services\AuthServer\InfoTech.Services.AuthServer.Api\InfoTech.Services.AuthServer.Api.csproj", "{D465A079-0729-4E4E-A902-41A94926A6C1}"
EndProject
Project("{9A19103F-16F7-4668-BE54-9A1E7A4F7556}") = "InfoTech.Services.AuthServer.Business", "Services\AuthServer\InfoTech.Services.AuthServer.Business\InfoTech.Services.AuthServer.Business.csproj", "{5A996608-B0CA-4D59-8F06-CABDC40B6D81}"
EndProject
Project("{9A19103F-16F7-4668-BE54-9A1E7A4F7556}") = "InfoTech.Services.AuthServer.Data", "Services\AuthServer\InfoTech.Services.AuthServer.Data\InfoTech.Services.AuthServer.Data.csproj", "{A993C424-6D80-4E89-AC1E-E0743A81FBC4}"
EndProject
Project("{9A19103F-16F7-4668-BE54-9A1E7A4F7556}") = "InfoTech.Services.AuthServer.Entity", "Services\AuthServer\InfoTech.Services.AuthServer.Entity\InfoTech.Services.AuthServer.Entity.csproj", "{403A1B80-DE16-4182-A06B-39175999A950}"
EndProject
Project("{9A19103F-16F7-4668-BE54-9A1E7A4F7556}") = "InfoTech.Services.AuthServer.Shared", "Services\AuthServer\InfoTech.Services.AuthServer.Shared\InfoTech.Services.AuthServer.Shared.csproj", "{AC92E022-5650-47C0-9E52-C5AD7CE73004}"
EndProject
Global
	GlobalSection(SolutionConfigurationPlatforms) = preSolution
		Debug|Any CPU = Debug|Any CPU
		Release|Any CPU = Release|Any CPU
	EndGlobalSection
	GlobalSection(ProjectConfigurationPlatforms) = postSolution
		{D465A079-0729-4E4E-A902-41A94926A6C1}.Debug|Any CPU.ActiveCfg = Debug|Any CPU
		{D465A079-0729-4E4E-A902-41A94926A6C1}.Debug|Any CPU.Build.0 = Debug|Any CPU
		{D465A079-0729-4E4E-A902-41A94926A6C1}.Release|Any CPU.ActiveCfg = Release|Any CPU
		{D465A079-0729-4E4E-A902-41A94926A6C1}.Release|Any CPU.Build.0 = Release|Any CPU
		{5A996608-B0CA-4D59-8F06-CABDC40B6D81}.Debug|Any CPU.ActiveCfg = Debug|Any CPU
		{5A996608-B0CA-4D59-8F06-CABDC40B6D81}.Debug|Any CPU.Build.0 = Debug|Any CPU
		{5A996608-B0CA-4D59-8F06-CABDC40B6D81}.Release|Any CPU.ActiveCfg = Release|Any CPU
		{5A996608-B0CA-4D59-8F06-CABDC40B6D81}.Release|Any CPU.Build.0 = Release|Any CPU
		{A993C424-6D80-4E89-AC1E-E0743A81FBC4}.Debug|Any CPU.ActiveCfg = Debug|Any CPU
		{A993C424-6D80-4E89-AC1E-E0743A81FBC4}.Debug|Any CPU.Build.0 = Debug|Any CPU
		{A993C424-6D80-4E89-AC1E-E0743A81FBC4}.Release|Any CPU.ActiveCfg = Release|Any CPU
		{A993C424-6D80-4E89-AC1E-E0743A81FBC4}.Release|Any CPU.Build.0 = Release|Any CPU
		{403A1B80-DE16-4182-A06B-39175999A950}.Debug|Any CPU.ActiveCfg = Debug|Any CPU
		{403A1B80-DE16-4182-A06B-39175999A950}.Debug|Any CPU.Build.0 = Debug|Any CPU
		{403A1B80-DE16-4182-A06B-39175999A950}.Release|Any CPU.ActiveCfg = Release|Any CPU
		{403A1B80-DE16-4182-A06B-39175999A950}.Release|Any CPU.Build.0 = Release|Any CPU
		{AC92E022-5650-47C0-9E52-C5AD7CE73004}.Debug|Any CPU.ActiveCfg = Debug|Any CPU
		{AC92E022-5650-47C0-9E52-C5AD7CE73004}.Debug|Any CPU.Build.0 = Debug|Any CPU
		{AC92E022-5650-47C0-9E52-C5AD7CE73004}.Release|Any CPU.ActiveCfg = Release|Any CPU
		{AC92E022-5650-47C0-9E52-C5AD7CE73004}.Release|Any CPU.Build.0 = Release|Any CPU
	EndGlobalSection
	GlobalSection(SolutionProperties) = preSolution
		HideSolutionNode = FALSE
	EndGlobalSection
	GlobalSection(NestedProjects) = preSolution
		{05D35388-74AE-41E7-A423-54125BCB0013} = {EE367390-002E-4C93-9E9A-C8C062B67728}
		{D465A079-0729-4E4E-A902-41A94926A6C1} = {05D35388-74AE-41E7-A423-54125BCB0013}
		{5A996608-B0CA-4D59-8F06-CABDC40B6D81} = {05D35388-74AE-41E7-A423-54125BCB0013}
		{A993C424-6D80-4E89-AC1E-E0743A81FBC4} = {05D35388-74AE-41E7-A423-54125BCB0013}
		{403A1B80-DE16-4182-A06B-39175999A950} = {05D35388-74AE-41E7-A423-54125BCB0013}
		{AC92E022-5650-47C0-9E52-C5AD7CE73004} = {05D35388-74AE-41E7-A423-54125BCB0013}
	EndGlobalSection
	GlobalSection(ExtensibilityGlobals) = postSolution
		SolutionGuid = {5C07DABD-624A-4FFA-9F76-DE5AB534695D}
	EndGlobalSection
EndGlobal
